// !$*UTF8*$!
{
	archiveVersion = 1;
	classes = {
	};
	objectVersion = 50;
	objects = {

/* Begin PBXBuildFile section */
		1600EC3D8EFE5B39FB2FB7AD /* Pods_Chatter.framework in Frameworks */ = {isa = PBXBuildFile; fileRef = 0994EDED5508A9A60F60DAA1 /* Pods_Chatter.framework */; };
		7926AE659D1F7BD539470BA6 /* Pods_ChatterTests.framework in Frameworks */ = {isa = PBXBuildFile; fileRef = 647343584BFE241241C19A96 /* Pods_ChatterTests.framework */; };
		EA05BFAF2216CE7B000C8D0D /* AppDelegate.swift in Sources */ = {isa = PBXBuildFile; fileRef = EA05BFAE2216CE7B000C8D0D /* AppDelegate.swift */; };
		EA05BFB42216CE7B000C8D0D /* Main.storyboard in Resources */ = {isa = PBXBuildFile; fileRef = EA05BFB22216CE7B000C8D0D /* Main.storyboard */; };
		EA05BFB62216CE7D000C8D0D /* Assets.xcassets in Resources */ = {isa = PBXBuildFile; fileRef = EA05BFB52216CE7D000C8D0D /* Assets.xcassets */; };
		EA05BFB92216CE7D000C8D0D /* LaunchScreen.storyboard in Resources */ = {isa = PBXBuildFile; fileRef = EA05BFB72216CE7D000C8D0D /* LaunchScreen.storyboard */; };
		EA08D9D6221730E70062EA3D /* AuthenticationService.swift in Sources */ = {isa = PBXBuildFile; fileRef = EA08D9D5221730E70062EA3D /* AuthenticationService.swift */; };
		EA08D9D82217558E0062EA3D /* RoundedButton.swift in Sources */ = {isa = PBXBuildFile; fileRef = EA08D9D72217558E0062EA3D /* RoundedButton.swift */; };
		EA2B5222224F676F009CFD1E /* MessageTests.swift in Sources */ = {isa = PBXBuildFile; fileRef = EA2B5221224F676F009CFD1E /* MessageTests.swift */; };
		EA2B5224224F69BF009CFD1E /* ChannelTests.swift in Sources */ = {isa = PBXBuildFile; fileRef = EA2B5223224F69BF009CFD1E /* ChannelTests.swift */; };
		EA2EA9AA2216D14100DD609B /* SWRevealViewController.m in Sources */ = {isa = PBXBuildFile; fileRef = EA2EA9A82216D14100DD609B /* SWRevealViewController.m */; };
		EA2EA9AF2216D33900DD609B /* ChatViewController.swift in Sources */ = {isa = PBXBuildFile; fileRef = EA2EA9AE2216D33900DD609B /* ChatViewController.swift */; };
		EA2EA9B12216D34700DD609B /* ChannelViewController.swift in Sources */ = {isa = PBXBuildFile; fileRef = EA2EA9B02216D34700DD609B /* ChannelViewController.swift */; };
		EA2EA9B32216D65800DD609B /* GradientView.swift in Sources */ = {isa = PBXBuildFile; fileRef = EA2EA9B22216D65800DD609B /* GradientView.swift */; };
		EA2EA9B62216E02200DD609B /* Constants.swift in Sources */ = {isa = PBXBuildFile; fileRef = EA2EA9B52216E02200DD609B /* Constants.swift */; };
		EA2EA9B82216E43C00DD609B /* LoginViewController.swift in Sources */ = {isa = PBXBuildFile; fileRef = EA2EA9B72216E43C00DD609B /* LoginViewController.swift */; };
		EA2EA9BC2216EF2A00DD609B /* CreateAccountViewController.swift in Sources */ = {isa = PBXBuildFile; fileRef = EA2EA9BB2216EF2A00DD609B /* CreateAccountViewController.swift */; };
		EA36369A22316BAD00F86968 /* Keyboard+LayoutGuide.swift in Sources */ = {isa = PBXBuildFile; fileRef = EA36369922316BAD00F86968 /* Keyboard+LayoutGuide.swift */; };
		EA417A5322202380003485A7 /* MessageService.swift in Sources */ = {isa = PBXBuildFile; fileRef = EA417A5222202380003485A7 /* MessageService.swift */; };
		EA417A55222023AE003485A7 /* Channel.swift in Sources */ = {isa = PBXBuildFile; fileRef = EA417A54222023AE003485A7 /* Channel.swift */; };
		EA417A572220292F003485A7 /* ChannelCell.swift in Sources */ = {isa = PBXBuildFile; fileRef = EA417A562220292F003485A7 /* ChannelCell.swift */; };
		EA4C3A1C2265F045002FA55A /* Extensions.swift in Sources */ = {isa = PBXBuildFile; fileRef = EA4C3A1B2265F045002FA55A /* Extensions.swift */; };
		EA4C3A1E22679A97002FA55A /* AuthenticationTests.swift in Sources */ = {isa = PBXBuildFile; fileRef = EA4C3A1D22679A97002FA55A /* AuthenticationTests.swift */; };
		EA4C3A2022679D10002FA55A /* SocketTests.swift in Sources */ = {isa = PBXBuildFile; fileRef = EA4C3A1F22679D10002FA55A /* SocketTests.swift */; };
		EA4C3A222269044A002FA55A /* AvatarPickerRootView.swift in Sources */ = {isa = PBXBuildFile; fileRef = EA4C3A212269044A002FA55A /* AvatarPickerRootView.swift */; };
		EA4C3A252269050B002FA55A /* AvatarPickerViewModel.swift in Sources */ = {isa = PBXBuildFile; fileRef = EA4C3A242269050B002FA55A /* AvatarPickerViewModel.swift */; };
		EA4C3A2722692660002FA55A /* AvatarPickerCell.swift in Sources */ = {isa = PBXBuildFile; fileRef = EA4C3A2622692660002FA55A /* AvatarPickerCell.swift */; };
		EA4C3A2B2269B2CD002FA55A /* AvatarType.swift in Sources */ = {isa = PBXBuildFile; fileRef = EA4C3A2A2269B2CD002FA55A /* AvatarType.swift */; };
		EABA634D221AC71C00111D66 /* UserDataService.swift in Sources */ = {isa = PBXBuildFile; fileRef = EABA634C221AC71C00111D66 /* UserDataService.swift */; };
		EABA634F221AD34900111D66 /* AvatarPickerViewController.swift in Sources */ = {isa = PBXBuildFile; fileRef = EABA634E221AD34900111D66 /* AvatarPickerViewController.swift */; };
		EABA6353221AEBB000111D66 /* CircleImage.swift in Sources */ = {isa = PBXBuildFile; fileRef = EABA6352221AEBB000111D66 /* CircleImage.swift */; };
		EABA6356221AFE8B00111D66 /* ProfileViewController.swift in Sources */ = {isa = PBXBuildFile; fileRef = EABA6354221AFE8B00111D66 /* ProfileViewController.swift */; };
		EABA6357221AFE8B00111D66 /* ProfileViewController.xib in Resources */ = {isa = PBXBuildFile; fileRef = EABA6355221AFE8B00111D66 /* ProfileViewController.xib */; };
		EAC9F9CA2226DB2E008EDE41 /* RoundedView.swift in Sources */ = {isa = PBXBuildFile; fileRef = EAC9F9C92226DB2E008EDE41 /* RoundedView.swift */; };
		EAE4E5082220368A00EFDDB1 /* AddChannelViewController.swift in Sources */ = {isa = PBXBuildFile; fileRef = EAE4E5062220368A00EFDDB1 /* AddChannelViewController.swift */; };
		EAE4E5092220368A00EFDDB1 /* AddChannelViewController.xib in Resources */ = {isa = PBXBuildFile; fileRef = EAE4E5072220368A00EFDDB1 /* AddChannelViewController.xib */; };
		EAE4E50B2223E9BA00EFDDB1 /* SocketService.swift in Sources */ = {isa = PBXBuildFile; fileRef = EAE4E50A2223E9BA00EFDDB1 /* SocketService.swift */; };
		EAE4E50D2223FCE200EFDDB1 /* Message.swift in Sources */ = {isa = PBXBuildFile; fileRef = EAE4E50C2223FCE200EFDDB1 /* Message.swift */; };
		EAE4E5112225332E00EFDDB1 /* MessageCell.swift in Sources */ = {isa = PBXBuildFile; fileRef = EAE4E5102225332E00EFDDB1 /* MessageCell.swift */; };
/* End PBXBuildFile section */

/* Begin PBXContainerItemProxy section */
		EA2B521C224F674C009CFD1E /* PBXContainerItemProxy */ = {
			isa = PBXContainerItemProxy;
			containerPortal = EA05BFA32216CE7B000C8D0D /* Project object */;
			proxyType = 1;
			remoteGlobalIDString = EA05BFAA2216CE7B000C8D0D;
			remoteInfo = Chatter;
		};
/* End PBXContainerItemProxy section */

/* Begin PBXFileReference section */
		0994EDED5508A9A60F60DAA1 /* Pods_Chatter.framework */ = {isa = PBXFileReference; explicitFileType = wrapper.framework; includeInIndex = 0; path = Pods_Chatter.framework; sourceTree = BUILT_PRODUCTS_DIR; };
		647343584BFE241241C19A96 /* Pods_ChatterTests.framework */ = {isa = PBXFileReference; explicitFileType = wrapper.framework; includeInIndex = 0; path = Pods_ChatterTests.framework; sourceTree = BUILT_PRODUCTS_DIR; };
		65E3017F44D18DC9EF3BF124 /* Pods-ChatterTests.release.xcconfig */ = {isa = PBXFileReference; includeInIndex = 1; lastKnownFileType = text.xcconfig; name = "Pods-ChatterTests.release.xcconfig"; path = "Pods/Target Support Files/Pods-ChatterTests/Pods-ChatterTests.release.xcconfig"; sourceTree = "<group>"; };
		6E858B5DE8F9F30D09CDAD82 /* Pods-ChatterTests.debug.xcconfig */ = {isa = PBXFileReference; includeInIndex = 1; lastKnownFileType = text.xcconfig; name = "Pods-ChatterTests.debug.xcconfig"; path = "Pods/Target Support Files/Pods-ChatterTests/Pods-ChatterTests.debug.xcconfig"; sourceTree = "<group>"; };
		EA05BFAB2216CE7B000C8D0D /* Chatter.app */ = {isa = PBXFileReference; explicitFileType = wrapper.application; includeInIndex = 0; path = Chatter.app; sourceTree = BUILT_PRODUCTS_DIR; };
		EA05BFAE2216CE7B000C8D0D /* AppDelegate.swift */ = {isa = PBXFileReference; lastKnownFileType = sourcecode.swift; path = AppDelegate.swift; sourceTree = "<group>"; };
		EA05BFB32216CE7B000C8D0D /* Base */ = {isa = PBXFileReference; lastKnownFileType = file.storyboard; name = Base; path = Base.lproj/Main.storyboard; sourceTree = "<group>"; };
		EA05BFB52216CE7D000C8D0D /* Assets.xcassets */ = {isa = PBXFileReference; lastKnownFileType = folder.assetcatalog; path = Assets.xcassets; sourceTree = "<group>"; };
		EA05BFB82216CE7D000C8D0D /* Base */ = {isa = PBXFileReference; lastKnownFileType = file.storyboard; name = Base; path = Base.lproj/LaunchScreen.storyboard; sourceTree = "<group>"; };
		EA05BFBA2216CE7D000C8D0D /* Info.plist */ = {isa = PBXFileReference; lastKnownFileType = text.plist.xml; path = Info.plist; sourceTree = "<group>"; };
		EA08D9D5221730E70062EA3D /* AuthenticationService.swift */ = {isa = PBXFileReference; lastKnownFileType = sourcecode.swift; path = AuthenticationService.swift; sourceTree = "<group>"; };
		EA08D9D72217558E0062EA3D /* RoundedButton.swift */ = {isa = PBXFileReference; lastKnownFileType = sourcecode.swift; path = RoundedButton.swift; sourceTree = "<group>"; };
		EA2B5217224F674C009CFD1E /* ChatterTests.xctest */ = {isa = PBXFileReference; explicitFileType = wrapper.cfbundle; includeInIndex = 0; path = ChatterTests.xctest; sourceTree = BUILT_PRODUCTS_DIR; };
		EA2B521B224F674C009CFD1E /* Info.plist */ = {isa = PBXFileReference; lastKnownFileType = text.plist.xml; path = Info.plist; sourceTree = "<group>"; };
		EA2B5221224F676F009CFD1E /* MessageTests.swift */ = {isa = PBXFileReference; lastKnownFileType = sourcecode.swift; path = MessageTests.swift; sourceTree = "<group>"; };
		EA2B5223224F69BF009CFD1E /* ChannelTests.swift */ = {isa = PBXFileReference; lastKnownFileType = sourcecode.swift; path = ChannelTests.swift; sourceTree = "<group>"; };
		EA2EA9A72216D14000DD609B /* Chatter-Bridging-Header.h */ = {isa = PBXFileReference; lastKnownFileType = sourcecode.c.h; path = "Chatter-Bridging-Header.h"; sourceTree = "<group>"; };
		EA2EA9A82216D14100DD609B /* SWRevealViewController.m */ = {isa = PBXFileReference; fileEncoding = 4; lastKnownFileType = sourcecode.c.objc; path = SWRevealViewController.m; sourceTree = "<group>"; };
		EA2EA9A92216D14100DD609B /* SWRevealViewController.h */ = {isa = PBXFileReference; fileEncoding = 4; lastKnownFileType = sourcecode.c.h; path = SWRevealViewController.h; sourceTree = "<group>"; };
		EA2EA9AE2216D33900DD609B /* ChatViewController.swift */ = {isa = PBXFileReference; lastKnownFileType = sourcecode.swift; path = ChatViewController.swift; sourceTree = "<group>"; };
		EA2EA9B02216D34700DD609B /* ChannelViewController.swift */ = {isa = PBXFileReference; lastKnownFileType = sourcecode.swift; path = ChannelViewController.swift; sourceTree = "<group>"; };
		EA2EA9B22216D65800DD609B /* GradientView.swift */ = {isa = PBXFileReference; lastKnownFileType = sourcecode.swift; path = GradientView.swift; sourceTree = "<group>"; };
		EA2EA9B52216E02200DD609B /* Constants.swift */ = {isa = PBXFileReference; lastKnownFileType = sourcecode.swift; path = Constants.swift; sourceTree = "<group>"; };
		EA2EA9B72216E43C00DD609B /* LoginViewController.swift */ = {isa = PBXFileReference; lastKnownFileType = sourcecode.swift; path = LoginViewController.swift; sourceTree = "<group>"; };
		EA2EA9BB2216EF2A00DD609B /* CreateAccountViewController.swift */ = {isa = PBXFileReference; lastKnownFileType = sourcecode.swift; path = CreateAccountViewController.swift; sourceTree = "<group>"; };
		EA36369922316BAD00F86968 /* Keyboard+LayoutGuide.swift */ = {isa = PBXFileReference; fileEncoding = 4; lastKnownFileType = sourcecode.swift; path = "Keyboard+LayoutGuide.swift"; sourceTree = "<group>"; };
		EA417A5222202380003485A7 /* MessageService.swift */ = {isa = PBXFileReference; lastKnownFileType = sourcecode.swift; path = MessageService.swift; sourceTree = "<group>"; };
		EA417A54222023AE003485A7 /* Channel.swift */ = {isa = PBXFileReference; lastKnownFileType = sourcecode.swift; path = Channel.swift; sourceTree = "<group>"; };
		EA417A562220292F003485A7 /* ChannelCell.swift */ = {isa = PBXFileReference; lastKnownFileType = sourcecode.swift; path = ChannelCell.swift; sourceTree = "<group>"; };
		EA4C3A1B2265F045002FA55A /* Extensions.swift */ = {isa = PBXFileReference; lastKnownFileType = sourcecode.swift; path = Extensions.swift; sourceTree = "<group>"; };
		EA4C3A1D22679A97002FA55A /* AuthenticationTests.swift */ = {isa = PBXFileReference; fileEncoding = 4; lastKnownFileType = sourcecode.swift; path = AuthenticationTests.swift; sourceTree = "<group>"; };
		EA4C3A1F22679D10002FA55A /* SocketTests.swift */ = {isa = PBXFileReference; fileEncoding = 4; lastKnownFileType = sourcecode.swift; path = SocketTests.swift; sourceTree = "<group>"; };
		EA4C3A212269044A002FA55A /* AvatarPickerRootView.swift */ = {isa = PBXFileReference; lastKnownFileType = sourcecode.swift; path = AvatarPickerRootView.swift; sourceTree = "<group>"; };
		EA4C3A242269050B002FA55A /* AvatarPickerViewModel.swift */ = {isa = PBXFileReference; lastKnownFileType = sourcecode.swift; path = AvatarPickerViewModel.swift; sourceTree = "<group>"; };
		EA4C3A2622692660002FA55A /* AvatarPickerCell.swift */ = {isa = PBXFileReference; lastKnownFileType = sourcecode.swift; path = AvatarPickerCell.swift; sourceTree = "<group>"; };
		EA4C3A2A2269B2CD002FA55A /* AvatarType.swift */ = {isa = PBXFileReference; lastKnownFileType = sourcecode.swift; path = AvatarType.swift; sourceTree = "<group>"; };
		EABA634C221AC71C00111D66 /* UserDataService.swift */ = {isa = PBXFileReference; lastKnownFileType = sourcecode.swift; path = UserDataService.swift; sourceTree = "<group>"; };
		EABA634E221AD34900111D66 /* AvatarPickerViewController.swift */ = {isa = PBXFileReference; lastKnownFileType = sourcecode.swift; path = AvatarPickerViewController.swift; sourceTree = "<group>"; };
		EABA6352221AEBB000111D66 /* CircleImage.swift */ = {isa = PBXFileReference; lastKnownFileType = sourcecode.swift; path = CircleImage.swift; sourceTree = "<group>"; };
		EABA6354221AFE8B00111D66 /* ProfileViewController.swift */ = {isa = PBXFileReference; lastKnownFileType = sourcecode.swift; path = ProfileViewController.swift; sourceTree = "<group>"; };
		EABA6355221AFE8B00111D66 /* ProfileViewController.xib */ = {isa = PBXFileReference; lastKnownFileType = file.xib; path = ProfileViewController.xib; sourceTree = "<group>"; };
		EAC9F9C92226DB2E008EDE41 /* RoundedView.swift */ = {isa = PBXFileReference; lastKnownFileType = sourcecode.swift; path = RoundedView.swift; sourceTree = "<group>"; };
		EAE4E5062220368A00EFDDB1 /* AddChannelViewController.swift */ = {isa = PBXFileReference; lastKnownFileType = sourcecode.swift; path = AddChannelViewController.swift; sourceTree = "<group>"; };
		EAE4E5072220368A00EFDDB1 /* AddChannelViewController.xib */ = {isa = PBXFileReference; lastKnownFileType = file.xib; path = AddChannelViewController.xib; sourceTree = "<group>"; };
		EAE4E50A2223E9BA00EFDDB1 /* SocketService.swift */ = {isa = PBXFileReference; lastKnownFileType = sourcecode.swift; path = SocketService.swift; sourceTree = "<group>"; };
		EAE4E50C2223FCE200EFDDB1 /* Message.swift */ = {isa = PBXFileReference; lastKnownFileType = sourcecode.swift; path = Message.swift; sourceTree = "<group>"; };
		EAE4E5102225332E00EFDDB1 /* MessageCell.swift */ = {isa = PBXFileReference; lastKnownFileType = sourcecode.swift; path = MessageCell.swift; sourceTree = "<group>"; };
		EEEA2A50D4E6628A592D269D /* Pods-Chatter.release.xcconfig */ = {isa = PBXFileReference; includeInIndex = 1; lastKnownFileType = text.xcconfig; name = "Pods-Chatter.release.xcconfig"; path = "Pods/Target Support Files/Pods-Chatter/Pods-Chatter.release.xcconfig"; sourceTree = "<group>"; };
		F163FED5973F8C653553AD75 /* Pods-Chatter.debug.xcconfig */ = {isa = PBXFileReference; includeInIndex = 1; lastKnownFileType = text.xcconfig; name = "Pods-Chatter.debug.xcconfig"; path = "Pods/Target Support Files/Pods-Chatter/Pods-Chatter.debug.xcconfig"; sourceTree = "<group>"; };
/* End PBXFileReference section */

/* Begin PBXFrameworksBuildPhase section */
		EA05BFA82216CE7B000C8D0D /* Frameworks */ = {
			isa = PBXFrameworksBuildPhase;
			buildActionMask = 2147483647;
			files = (
				1600EC3D8EFE5B39FB2FB7AD /* Pods_Chatter.framework in Frameworks */,
			);
			runOnlyForDeploymentPostprocessing = 0;
		};
		EA2B5214224F674C009CFD1E /* Frameworks */ = {
			isa = PBXFrameworksBuildPhase;
			buildActionMask = 2147483647;
			files = (
				7926AE659D1F7BD539470BA6 /* Pods_ChatterTests.framework in Frameworks */,
			);
			runOnlyForDeploymentPostprocessing = 0;
		};
/* End PBXFrameworksBuildPhase section */

/* Begin PBXGroup section */
		6B4E3C9735AA9552677EB58C /* Pods */ = {
			isa = PBXGroup;
			children = (
				F163FED5973F8C653553AD75 /* Pods-Chatter.debug.xcconfig */,
				EEEA2A50D4E6628A592D269D /* Pods-Chatter.release.xcconfig */,
				6E858B5DE8F9F30D09CDAD82 /* Pods-ChatterTests.debug.xcconfig */,
				65E3017F44D18DC9EF3BF124 /* Pods-ChatterTests.release.xcconfig */,
			);
			name = Pods;
			sourceTree = "<group>";
		};
		B926DD98146EFAA98A9F38B9 /* Frameworks */ = {
			isa = PBXGroup;
			children = (
				0994EDED5508A9A60F60DAA1 /* Pods_Chatter.framework */,
				647343584BFE241241C19A96 /* Pods_ChatterTests.framework */,
			);
			name = Frameworks;
			sourceTree = "<group>";
		};
		EA05BFA22216CE7B000C8D0D = {
			isa = PBXGroup;
			children = (
				EA05BFAD2216CE7B000C8D0D /* Chatter */,
				EA2B5218224F674C009CFD1E /* ChatterTests */,
				EA05BFAC2216CE7B000C8D0D /* Products */,
				6B4E3C9735AA9552677EB58C /* Pods */,
				B926DD98146EFAA98A9F38B9 /* Frameworks */,
			);
			sourceTree = "<group>";
		};
		EA05BFAC2216CE7B000C8D0D /* Products */ = {
			isa = PBXGroup;
			children = (
				EA05BFAB2216CE7B000C8D0D /* Chatter.app */,
				EA2B5217224F674C009CFD1E /* ChatterTests.xctest */,
			);
			name = Products;
			sourceTree = "<group>";
		};
		EA05BFAD2216CE7B000C8D0D /* Chatter */ = {
			isa = PBXGroup;
			children = (
				EA4C3A23226904F2002FA55A /* AvatarPicker */,
				EABA6358221AFEAC00111D66 /* XIBs */,
				EA08D9D4221730CB0062EA3D /* Services */,
				EA2EA9AD2216D31B00DD609B /* Model */,
				EA2EA9B42216E01200DD609B /* Utilities */,
				EA2EA9AC2216D31500DD609B /* View */,
				EA2EA9AB2216D30F00DD609B /* Controller */,
				EA2EA9A62216D12300DD609B /* Supporting Files */,
				EA05BFAE2216CE7B000C8D0D /* AppDelegate.swift */,
				EA05BFB22216CE7B000C8D0D /* Main.storyboard */,
				EA05BFB52216CE7D000C8D0D /* Assets.xcassets */,
				EA05BFB72216CE7D000C8D0D /* LaunchScreen.storyboard */,
				EA05BFBA2216CE7D000C8D0D /* Info.plist */,
			);
			path = Chatter;
			sourceTree = "<group>";
		};
		EA08D9D4221730CB0062EA3D /* Services */ = {
			isa = PBXGroup;
			children = (
				EA08D9D5221730E70062EA3D /* AuthenticationService.swift */,
				EABA634C221AC71C00111D66 /* UserDataService.swift */,
				EA417A5222202380003485A7 /* MessageService.swift */,
				EAE4E50A2223E9BA00EFDDB1 /* SocketService.swift */,
			);
			path = Services;
			sourceTree = "<group>";
		};
		EA2B5218224F674C009CFD1E /* ChatterTests */ = {
			isa = PBXGroup;
			children = (
				EA4C3A1F22679D10002FA55A /* SocketTests.swift */,
				EA4C3A1D22679A97002FA55A /* AuthenticationTests.swift */,
				EA2B5223224F69BF009CFD1E /* ChannelTests.swift */,
				EA2B5221224F676F009CFD1E /* MessageTests.swift */,
				EA2B521B224F674C009CFD1E /* Info.plist */,
			);
			path = ChatterTests;
			sourceTree = "<group>";
		};
		EA2EA9A62216D12300DD609B /* Supporting Files */ = {
			isa = PBXGroup;
			children = (
				EA36369922316BAD00F86968 /* Keyboard+LayoutGuide.swift */,
				EA2EA9A92216D14100DD609B /* SWRevealViewController.h */,
				EA2EA9A82216D14100DD609B /* SWRevealViewController.m */,
				EA2EA9A72216D14000DD609B /* Chatter-Bridging-Header.h */,
			);
			path = "Supporting Files";
			sourceTree = "<group>";
		};
		EA2EA9AB2216D30F00DD609B /* Controller */ = {
			isa = PBXGroup;
			children = (
				EA2EA9AE2216D33900DD609B /* ChatViewController.swift */,
				EA2EA9B02216D34700DD609B /* ChannelViewController.swift */,
				EA2EA9B72216E43C00DD609B /* LoginViewController.swift */,
				EA2EA9BB2216EF2A00DD609B /* CreateAccountViewController.swift */,
				EABA6354221AFE8B00111D66 /* ProfileViewController.swift */,
				EAE4E5062220368A00EFDDB1 /* AddChannelViewController.swift */,
			);
			path = Controller;
			sourceTree = "<group>";
		};
		EA2EA9AC2216D31500DD609B /* View */ = {
			isa = PBXGroup;
			children = (
				EA2EA9B22216D65800DD609B /* GradientView.swift */,
				EA08D9D72217558E0062EA3D /* RoundedButton.swift */,
				EABA6352221AEBB000111D66 /* CircleImage.swift */,
				EA417A562220292F003485A7 /* ChannelCell.swift */,
				EAE4E5102225332E00EFDDB1 /* MessageCell.swift */,
				EAC9F9C92226DB2E008EDE41 /* RoundedView.swift */,
			);
			path = View;
			sourceTree = "<group>";
		};
		EA2EA9AD2216D31B00DD609B /* Model */ = {
			isa = PBXGroup;
			children = (
				EA417A54222023AE003485A7 /* Channel.swift */,
				EAE4E50C2223FCE200EFDDB1 /* Message.swift */,
			);
			path = Model;
			sourceTree = "<group>";
		};
		EA2EA9B42216E01200DD609B /* Utilities */ = {
			isa = PBXGroup;
			children = (
				EA2EA9B52216E02200DD609B /* Constants.swift */,
				EA4C3A1B2265F045002FA55A /* Extensions.swift */,
			);
			path = Utilities;
			sourceTree = "<group>";
		};
		EA4C3A23226904F2002FA55A /* AvatarPicker */ = {
			isa = PBXGroup;
			children = (
				EA4C3A322282DB7A002FA55A /* Model */,
				EA4C3A312282DB6F002FA55A /* View */,
				EA4C3A332282DB91002FA55A /* ViewModel */,
			);
			path = AvatarPicker;
			sourceTree = "<group>";
		};
		EA4C3A312282DB6F002FA55A /* View */ = {
			isa = PBXGroup;
			children = (
				EABA634E221AD34900111D66 /* AvatarPickerViewController.swift */,
				EA4C3A212269044A002FA55A /* AvatarPickerRootView.swift */,
				EA4C3A2622692660002FA55A /* AvatarPickerCell.swift */,
			);
			path = View;
			sourceTree = "<group>";
		};
		EA4C3A322282DB7A002FA55A /* Model */ = {
			isa = PBXGroup;
			children = (
				EA4C3A2A2269B2CD002FA55A /* AvatarType.swift */,
			);
			path = Model;
			sourceTree = "<group>";
		};
		EA4C3A332282DB91002FA55A /* ViewModel */ = {
			isa = PBXGroup;
			children = (
				EA4C3A242269050B002FA55A /* AvatarPickerViewModel.swift */,
			);
			path = ViewModel;
			sourceTree = "<group>";
		};
		EABA6358221AFEAC00111D66 /* XIBs */ = {
			isa = PBXGroup;
			children = (
				EABA6355221AFE8B00111D66 /* ProfileViewController.xib */,
				EAE4E5072220368A00EFDDB1 /* AddChannelViewController.xib */,
			);
			path = XIBs;
			sourceTree = "<group>";
		};
/* End PBXGroup section */

/* Begin PBXNativeTarget section */
		EA05BFAA2216CE7B000C8D0D /* Chatter */ = {
			isa = PBXNativeTarget;
			buildConfigurationList = EA05BFBD2216CE7D000C8D0D /* Build configuration list for PBXNativeTarget "Chatter" */;
			buildPhases = (
				4DE2A21E55FAD2AC6D93BA78 /* [CP] Check Pods Manifest.lock */,
				EA05BFA72216CE7B000C8D0D /* Sources */,
				EA05BFA82216CE7B000C8D0D /* Frameworks */,
				EA05BFA92216CE7B000C8D0D /* Resources */,
				F8F445AD526C5F781AF21163 /* [CP] Embed Pods Frameworks */,
				EA2B5BC0224134F900B58E5B /* Run Script */,
			);
			buildRules = (
			);
			dependencies = (
			);
			name = Chatter;
			productName = Chatter;
			productReference = EA05BFAB2216CE7B000C8D0D /* Chatter.app */;
			productType = "com.apple.product-type.application";
		};
		EA2B5216224F674C009CFD1E /* ChatterTests */ = {
			isa = PBXNativeTarget;
			buildConfigurationList = EA2B5220224F674C009CFD1E /* Build configuration list for PBXNativeTarget "ChatterTests" */;
			buildPhases = (
				156D8BCB17F8EF40B44061AD /* [CP] Check Pods Manifest.lock */,
				EA2B5213224F674C009CFD1E /* Sources */,
				EA2B5214224F674C009CFD1E /* Frameworks */,
				EA2B5215224F674C009CFD1E /* Resources */,
			);
			buildRules = (
			);
			dependencies = (
				EA2B521D224F674C009CFD1E /* PBXTargetDependency */,
			);
			name = ChatterTests;
			productName = ChatterTests;
			productReference = EA2B5217224F674C009CFD1E /* ChatterTests.xctest */;
			productType = "com.apple.product-type.bundle.unit-test";
		};
/* End PBXNativeTarget section */

/* Begin PBXProject section */
		EA05BFA32216CE7B000C8D0D /* Project object */ = {
			isa = PBXProject;
			attributes = {
				LastSwiftUpdateCheck = 1020;
				LastUpgradeCheck = 1010;
				ORGANIZATIONNAME = "Sebastian Wojciechowski";
				TargetAttributes = {
					EA05BFAA2216CE7B000C8D0D = {
						CreatedOnToolsVersion = 10.1;
						LastSwiftMigration = 1010;
					};
					EA2B5216224F674C009CFD1E = {
						CreatedOnToolsVersion = 10.2;
						TestTargetID = EA05BFAA2216CE7B000C8D0D;
					};
				};
			};
			buildConfigurationList = EA05BFA62216CE7B000C8D0D /* Build configuration list for PBXProject "Chatter" */;
			compatibilityVersion = "Xcode 9.3";
			developmentRegion = en;
			hasScannedForEncodings = 0;
			knownRegions = (
				en,
				Base,
			);
			mainGroup = EA05BFA22216CE7B000C8D0D;
			productRefGroup = EA05BFAC2216CE7B000C8D0D /* Products */;
			projectDirPath = "";
			projectRoot = "";
			targets = (
				EA05BFAA2216CE7B000C8D0D /* Chatter */,
				EA2B5216224F674C009CFD1E /* ChatterTests */,
			);
		};
/* End PBXProject section */

/* Begin PBXResourcesBuildPhase section */
		EA05BFA92216CE7B000C8D0D /* Resources */ = {
			isa = PBXResourcesBuildPhase;
			buildActionMask = 2147483647;
			files = (
				EA05BFB92216CE7D000C8D0D /* LaunchScreen.storyboard in Resources */,
				EAE4E5092220368A00EFDDB1 /* AddChannelViewController.xib in Resources */,
				EA05BFB62216CE7D000C8D0D /* Assets.xcassets in Resources */,
				EABA6357221AFE8B00111D66 /* ProfileViewController.xib in Resources */,
				EA05BFB42216CE7B000C8D0D /* Main.storyboard in Resources */,
			);
			runOnlyForDeploymentPostprocessing = 0;
		};
		EA2B5215224F674C009CFD1E /* Resources */ = {
			isa = PBXResourcesBuildPhase;
			buildActionMask = 2147483647;
			files = (
			);
			runOnlyForDeploymentPostprocessing = 0;
		};
/* End PBXResourcesBuildPhase section */

/* Begin PBXShellScriptBuildPhase section */
		156D8BCB17F8EF40B44061AD /* [CP] Check Pods Manifest.lock */ = {
			isa = PBXShellScriptBuildPhase;
			buildActionMask = 2147483647;
			files = (
			);
			inputFileListPaths = (
			);
			inputPaths = (
				"${PODS_PODFILE_DIR_PATH}/Podfile.lock",
				"${PODS_ROOT}/Manifest.lock",
			);
			name = "[CP] Check Pods Manifest.lock";
			outputFileListPaths = (
			);
			outputPaths = (
				"$(DERIVED_FILE_DIR)/Pods-ChatterTests-checkManifestLockResult.txt",
			);
			runOnlyForDeploymentPostprocessing = 0;
			shellPath = /bin/sh;
			shellScript = "diff \"${PODS_PODFILE_DIR_PATH}/Podfile.lock\" \"${PODS_ROOT}/Manifest.lock\" > /dev/null\nif [ $? != 0 ] ; then\n    # print error to STDERR\n    echo \"error: The sandbox is not in sync with the Podfile.lock. Run 'pod install' or update your CocoaPods installation.\" >&2\n    exit 1\nfi\n# This output is used by Xcode 'outputs' to avoid re-running this script phase.\necho \"SUCCESS\" > \"${SCRIPT_OUTPUT_FILE_0}\"\n";
			showEnvVarsInLog = 0;
		};
		4DE2A21E55FAD2AC6D93BA78 /* [CP] Check Pods Manifest.lock */ = {
			isa = PBXShellScriptBuildPhase;
			buildActionMask = 2147483647;
			files = (
			);
			inputFileListPaths = (
			);
			inputPaths = (
				"${PODS_PODFILE_DIR_PATH}/Podfile.lock",
				"${PODS_ROOT}/Manifest.lock",
			);
			name = "[CP] Check Pods Manifest.lock";
			outputFileListPaths = (
			);
			outputPaths = (
				"$(DERIVED_FILE_DIR)/Pods-Chatter-checkManifestLockResult.txt",
			);
			runOnlyForDeploymentPostprocessing = 0;
			shellPath = /bin/sh;
			shellScript = "diff \"${PODS_PODFILE_DIR_PATH}/Podfile.lock\" \"${PODS_ROOT}/Manifest.lock\" > /dev/null\nif [ $? != 0 ] ; then\n    # print error to STDERR\n    echo \"error: The sandbox is not in sync with the Podfile.lock. Run 'pod install' or update your CocoaPods installation.\" >&2\n    exit 1\nfi\n# This output is used by Xcode 'outputs' to avoid re-running this script phase.\necho \"SUCCESS\" > \"${SCRIPT_OUTPUT_FILE_0}\"\n";
			showEnvVarsInLog = 0;
		};
		EA2B5BC0224134F900B58E5B /* Run Script */ = {
			isa = PBXShellScriptBuildPhase;
			buildActionMask = 2147483647;
			files = (
			);
			inputFileListPaths = (
			);
			inputPaths = (
			);
			name = "Run Script";
			outputFileListPaths = (
			);
			outputPaths = (
			);
			runOnlyForDeploymentPostprocessing = 0;
			shellPath = /bin/sh;
			shellScript = "# Type a script or drag a script file from your workspace to insert its path.\n# \"${PODS_ROOT}/SwiftLint/swiftlint\"\n";
		};
		F8F445AD526C5F781AF21163 /* [CP] Embed Pods Frameworks */ = {
			isa = PBXShellScriptBuildPhase;
			buildActionMask = 2147483647;
			files = (
			);
			inputFileListPaths = (
			);
			inputPaths = (
				"${SRCROOT}/Pods/Target Support Files/Pods-Chatter/Pods-Chatter-frameworks.sh",
				"${BUILT_PRODUCTS_DIR}/Alamofire/Alamofire.framework",
				"${BUILT_PRODUCTS_DIR}/Socket.IO-Client-Swift/SocketIO.framework",
				"${BUILT_PRODUCTS_DIR}/Starscream/Starscream.framework",
				"${BUILT_PRODUCTS_DIR}/SwiftyJSON/SwiftyJSON.framework",
			);
			name = "[CP] Embed Pods Frameworks";
			outputFileListPaths = (
			);
			outputPaths = (
				"${TARGET_BUILD_DIR}/${FRAMEWORKS_FOLDER_PATH}/Alamofire.framework",
				"${TARGET_BUILD_DIR}/${FRAMEWORKS_FOLDER_PATH}/SocketIO.framework",
				"${TARGET_BUILD_DIR}/${FRAMEWORKS_FOLDER_PATH}/Starscream.framework",
				"${TARGET_BUILD_DIR}/${FRAMEWORKS_FOLDER_PATH}/SwiftyJSON.framework",
			);
			runOnlyForDeploymentPostprocessing = 0;
			shellPath = /bin/sh;
			shellScript = "\"${SRCROOT}/Pods/Target Support Files/Pods-Chatter/Pods-Chatter-frameworks.sh\"\n";
			showEnvVarsInLog = 0;
		};
/* End PBXShellScriptBuildPhase section */

/* Begin PBXSourcesBuildPhase section */
		EA05BFA72216CE7B000C8D0D /* Sources */ = {
			isa = PBXSourcesBuildPhase;
			buildActionMask = 2147483647;
			files = (
				EAE4E50B2223E9BA00EFDDB1 /* SocketService.swift in Sources */,
				EA2EA9B82216E43C00DD609B /* LoginViewController.swift in Sources */,
				EA417A572220292F003485A7 /* ChannelCell.swift in Sources */,
				EA4C3A222269044A002FA55A /* AvatarPickerRootView.swift in Sources */,
				EAC9F9CA2226DB2E008EDE41 /* RoundedView.swift in Sources */,
				EA08D9D82217558E0062EA3D /* RoundedButton.swift in Sources */,
				EA4C3A2722692660002FA55A /* AvatarPickerCell.swift in Sources */,
				EA36369A22316BAD00F86968 /* Keyboard+LayoutGuide.swift in Sources */,
				EA05BFAF2216CE7B000C8D0D /* AppDelegate.swift in Sources */,
				EABA6353221AEBB000111D66 /* CircleImage.swift in Sources */,
				EAE4E50D2223FCE200EFDDB1 /* Message.swift in Sources */,
				EA417A55222023AE003485A7 /* Channel.swift in Sources */,
				EABA634D221AC71C00111D66 /* UserDataService.swift in Sources */,
				EA417A5322202380003485A7 /* MessageService.swift in Sources */,
				EA2EA9AF2216D33900DD609B /* ChatViewController.swift in Sources */,
				EAE4E5112225332E00EFDDB1 /* MessageCell.swift in Sources */,
				EA08D9D6221730E70062EA3D /* AuthenticationService.swift in Sources */,
				EA4C3A2B2269B2CD002FA55A /* AvatarType.swift in Sources */,
				EABA634F221AD34900111D66 /* AvatarPickerViewController.swift in Sources */,
				EA2EA9B32216D65800DD609B /* GradientView.swift in Sources */,
				EA4C3A252269050B002FA55A /* AvatarPickerViewModel.swift in Sources */,
				EA2EA9BC2216EF2A00DD609B /* CreateAccountViewController.swift in Sources */,
				EAE4E5082220368A00EFDDB1 /* AddChannelViewController.swift in Sources */,
				EA4C3A1C2265F045002FA55A /* Extensions.swift in Sources */,
				EA2EA9B12216D34700DD609B /* ChannelViewController.swift in Sources */,
				EABA6356221AFE8B00111D66 /* ProfileViewController.swift in Sources */,
				EA2EA9AA2216D14100DD609B /* SWRevealViewController.m in Sources */,
				EA2EA9B62216E02200DD609B /* Constants.swift in Sources */,
			);
			runOnlyForDeploymentPostprocessing = 0;
		};
		EA2B5213224F674C009CFD1E /* Sources */ = {
			isa = PBXSourcesBuildPhase;
			buildActionMask = 2147483647;
			files = (
				EA4C3A2022679D10002FA55A /* SocketTests.swift in Sources */,
				EA2B5224224F69BF009CFD1E /* ChannelTests.swift in Sources */,
				EA4C3A1E22679A97002FA55A /* AuthenticationTests.swift in Sources */,
				EA2B5222224F676F009CFD1E /* MessageTests.swift in Sources */,
			);
			runOnlyForDeploymentPostprocessing = 0;
		};
/* End PBXSourcesBuildPhase section */

/* Begin PBXTargetDependency section */
		EA2B521D224F674C009CFD1E /* PBXTargetDependency */ = {
			isa = PBXTargetDependency;
			target = EA05BFAA2216CE7B000C8D0D /* Chatter */;
			targetProxy = EA2B521C224F674C009CFD1E /* PBXContainerItemProxy */;
		};
/* End PBXTargetDependency section */

/* Begin PBXVariantGroup section */
		EA05BFB22216CE7B000C8D0D /* Main.storyboard */ = {
			isa = PBXVariantGroup;
			children = (
				EA05BFB32216CE7B000C8D0D /* Base */,
			);
			name = Main.storyboard;
			sourceTree = "<group>";
		};
		EA05BFB72216CE7D000C8D0D /* LaunchScreen.storyboard */ = {
			isa = PBXVariantGroup;
			children = (
				EA05BFB82216CE7D000C8D0D /* Base */,
			);
			name = LaunchScreen.storyboard;
			sourceTree = "<group>";
		};
/* End PBXVariantGroup section */

/* Begin XCBuildConfiguration section */
		EA05BFBB2216CE7D000C8D0D /* Debug */ = {
			isa = XCBuildConfiguration;
			buildSettings = {
				ALWAYS_SEARCH_USER_PATHS = NO;
				CLANG_ANALYZER_NONNULL = YES;
				CLANG_ANALYZER_NUMBER_OBJECT_CONVERSION = YES_AGGRESSIVE;
				CLANG_CXX_LANGUAGE_STANDARD = "gnu++14";
				CLANG_CXX_LIBRARY = "libc++";
				CLANG_ENABLE_MODULES = YES;
				CLANG_ENABLE_OBJC_ARC = YES;
				CLANG_ENABLE_OBJC_WEAK = YES;
				CLANG_WARN_BLOCK_CAPTURE_AUTORELEASING = YES;
				CLANG_WARN_BOOL_CONVERSION = YES;
				CLANG_WARN_COMMA = YES;
				CLANG_WARN_CONSTANT_CONVERSION = YES;
				CLANG_WARN_DEPRECATED_OBJC_IMPLEMENTATIONS = YES;
				CLANG_WARN_DIRECT_OBJC_ISA_USAGE = YES_ERROR;
				CLANG_WARN_DOCUMENTATION_COMMENTS = YES;
				CLANG_WARN_EMPTY_BODY = YES;
				CLANG_WARN_ENUM_CONVERSION = YES;
				CLANG_WARN_INFINITE_RECURSION = YES;
				CLANG_WARN_INT_CONVERSION = YES;
				CLANG_WARN_NON_LITERAL_NULL_CONVERSION = YES;
				CLANG_WARN_OBJC_IMPLICIT_RETAIN_SELF = YES;
				CLANG_WARN_OBJC_LITERAL_CONVERSION = YES;
				CLANG_WARN_OBJC_ROOT_CLASS = YES_ERROR;
				CLANG_WARN_RANGE_LOOP_ANALYSIS = YES;
				CLANG_WARN_STRICT_PROTOTYPES = YES;
				CLANG_WARN_SUSPICIOUS_MOVE = YES;
				CLANG_WARN_UNGUARDED_AVAILABILITY = YES_AGGRESSIVE;
				CLANG_WARN_UNREACHABLE_CODE = YES;
				CLANG_WARN__DUPLICATE_METHOD_MATCH = YES;
				CODE_SIGN_IDENTITY = "iPhone Developer";
				COPY_PHASE_STRIP = NO;
				DEBUG_INFORMATION_FORMAT = dwarf;
				ENABLE_STRICT_OBJC_MSGSEND = YES;
				ENABLE_TESTABILITY = YES;
				GCC_C_LANGUAGE_STANDARD = gnu11;
				GCC_DYNAMIC_NO_PIC = NO;
				GCC_NO_COMMON_BLOCKS = YES;
				GCC_OPTIMIZATION_LEVEL = 0;
				GCC_PREPROCESSOR_DEFINITIONS = (
					"DEBUG=1",
					"$(inherited)",
				);
				GCC_WARN_64_TO_32_BIT_CONVERSION = YES;
				GCC_WARN_ABOUT_RETURN_TYPE = YES_ERROR;
				GCC_WARN_UNDECLARED_SELECTOR = YES;
				GCC_WARN_UNINITIALIZED_AUTOS = YES_AGGRESSIVE;
				GCC_WARN_UNUSED_FUNCTION = YES;
				GCC_WARN_UNUSED_VARIABLE = YES;
				IPHONEOS_DEPLOYMENT_TARGET = 12.1;
				MTL_ENABLE_DEBUG_INFO = INCLUDE_SOURCE;
				MTL_FAST_MATH = YES;
				ONLY_ACTIVE_ARCH = YES;
				SDKROOT = iphoneos;
				SWIFT_ACTIVE_COMPILATION_CONDITIONS = DEBUG;
				SWIFT_OPTIMIZATION_LEVEL = "-Onone";
				SWIFT_VERSION = 5.0;
			};
			name = Debug;
		};
		EA05BFBC2216CE7D000C8D0D /* Release */ = {
			isa = XCBuildConfiguration;
			buildSettings = {
				ALWAYS_SEARCH_USER_PATHS = NO;
				CLANG_ANALYZER_NONNULL = YES;
				CLANG_ANALYZER_NUMBER_OBJECT_CONVERSION = YES_AGGRESSIVE;
				CLANG_CXX_LANGUAGE_STANDARD = "gnu++14";
				CLANG_CXX_LIBRARY = "libc++";
				CLANG_ENABLE_MODULES = YES;
				CLANG_ENABLE_OBJC_ARC = YES;
				CLANG_ENABLE_OBJC_WEAK = YES;
				CLANG_WARN_BLOCK_CAPTURE_AUTORELEASING = YES;
				CLANG_WARN_BOOL_CONVERSION = YES;
				CLANG_WARN_COMMA = YES;
				CLANG_WARN_CONSTANT_CONVERSION = YES;
				CLANG_WARN_DEPRECATED_OBJC_IMPLEMENTATIONS = YES;
				CLANG_WARN_DIRECT_OBJC_ISA_USAGE = YES_ERROR;
				CLANG_WARN_DOCUMENTATION_COMMENTS = YES;
				CLANG_WARN_EMPTY_BODY = YES;
				CLANG_WARN_ENUM_CONVERSION = YES;
				CLANG_WARN_INFINITE_RECURSION = YES;
				CLANG_WARN_INT_CONVERSION = YES;
				CLANG_WARN_NON_LITERAL_NULL_CONVERSION = YES;
				CLANG_WARN_OBJC_IMPLICIT_RETAIN_SELF = YES;
				CLANG_WARN_OBJC_LITERAL_CONVERSION = YES;
				CLANG_WARN_OBJC_ROOT_CLASS = YES_ERROR;
				CLANG_WARN_RANGE_LOOP_ANALYSIS = YES;
				CLANG_WARN_STRICT_PROTOTYPES = YES;
				CLANG_WARN_SUSPICIOUS_MOVE = YES;
				CLANG_WARN_UNGUARDED_AVAILABILITY = YES_AGGRESSIVE;
				CLANG_WARN_UNREACHABLE_CODE = YES;
				CLANG_WARN__DUPLICATE_METHOD_MATCH = YES;
				CODE_SIGN_IDENTITY = "iPhone Developer";
				COPY_PHASE_STRIP = NO;
				DEBUG_INFORMATION_FORMAT = "dwarf-with-dsym";
				ENABLE_NS_ASSERTIONS = NO;
				ENABLE_STRICT_OBJC_MSGSEND = YES;
				GCC_C_LANGUAGE_STANDARD = gnu11;
				GCC_NO_COMMON_BLOCKS = YES;
				GCC_WARN_64_TO_32_BIT_CONVERSION = YES;
				GCC_WARN_ABOUT_RETURN_TYPE = YES_ERROR;
				GCC_WARN_UNDECLARED_SELECTOR = YES;
				GCC_WARN_UNINITIALIZED_AUTOS = YES_AGGRESSIVE;
				GCC_WARN_UNUSED_FUNCTION = YES;
				GCC_WARN_UNUSED_VARIABLE = YES;
				IPHONEOS_DEPLOYMENT_TARGET = 12.1;
				MTL_ENABLE_DEBUG_INFO = NO;
				MTL_FAST_MATH = YES;
				SDKROOT = iphoneos;
				SWIFT_COMPILATION_MODE = wholemodule;
				SWIFT_OPTIMIZATION_LEVEL = "-O";
				SWIFT_VERSION = 5.0;
				VALIDATE_PRODUCT = YES;
			};
			name = Release;
		};
		EA05BFBE2216CE7D000C8D0D /* Debug */ = {
			isa = XCBuildConfiguration;
			baseConfigurationReference = F163FED5973F8C653553AD75 /* Pods-Chatter.debug.xcconfig */;
			buildSettings = {
				ASSETCATALOG_COMPILER_APPICON_NAME = AppIcon;
				CLANG_ENABLE_MODULES = YES;
				CODE_SIGN_STYLE = Automatic;
				DEVELOPMENT_TEAM = Q33M3QAJ9U;
				INFOPLIST_FILE = Chatter/Info.plist;
				LD_RUNPATH_SEARCH_PATHS = (
					"$(inherited)",
					"@executable_path/Frameworks",
				);
				PRODUCT_BUNDLE_IDENTIFIER = com.sebastianwojciechowski.Chatter;
				PRODUCT_NAME = "$(TARGET_NAME)";
				SWIFT_OBJC_BRIDGING_HEADER = "Chatter/Supporting Files/Chatter-Bridging-Header.h";
				SWIFT_OPTIMIZATION_LEVEL = "-Onone";
				SWIFT_VERSION = 5.0;
				TARGETED_DEVICE_FAMILY = 1;
			};
			name = Debug;
		};
		EA05BFBF2216CE7D000C8D0D /* Release */ = {
			isa = XCBuildConfiguration;
			baseConfigurationReference = EEEA2A50D4E6628A592D269D /* Pods-Chatter.release.xcconfig */;
			buildSettings = {
				ASSETCATALOG_COMPILER_APPICON_NAME = AppIcon;
				CLANG_ENABLE_MODULES = YES;
				CODE_SIGN_STYLE = Automatic;
				DEVELOPMENT_TEAM = Q33M3QAJ9U;
				INFOPLIST_FILE = Chatter/Info.plist;
				LD_RUNPATH_SEARCH_PATHS = (
					"$(inherited)",
					"@executable_path/Frameworks",
				);
				PRODUCT_BUNDLE_IDENTIFIER = com.sebastianwojciechowski.Chatter;
				PRODUCT_NAME = "$(TARGET_NAME)";
				SWIFT_OBJC_BRIDGING_HEADER = "Chatter/Supporting Files/Chatter-Bridging-Header.h";
				SWIFT_VERSION = 5.0;
				TARGETED_DEVICE_FAMILY = 1;
			};
			name = Release;
		};
		EA2B521E224F674C009CFD1E /* Debug */ = {
			isa = XCBuildConfiguration;
			baseConfigurationReference = 6E858B5DE8F9F30D09CDAD82 /* Pods-ChatterTests.debug.xcconfig */;
			buildSettings = {
				BUNDLE_LOADER = "$(TEST_HOST)";
				CODE_SIGN_STYLE = Automatic;
				DEVELOPMENT_TEAM = Q33M3QAJ9U;
				INFOPLIST_FILE = ChatterTests/Info.plist;
				IPHONEOS_DEPLOYMENT_TARGET = 12.2;
				LD_RUNPATH_SEARCH_PATHS = (
					"$(inherited)",
					"@executable_path/Frameworks",
					"@loader_path/Frameworks",
				);
				PRODUCT_BUNDLE_IDENTIFIER = com.sebastianwojciechowski.ChatterTests;
				PRODUCT_NAME = "$(TARGET_NAME)";
				SWIFT_VERSION = 5.0;
				TARGETED_DEVICE_FAMILY = "1,2";
				TEST_HOST = "$(BUILT_PRODUCTS_DIR)/Chatter.app/Chatter";
			};
			name = Debug;
		};
		EA2B521F224F674C009CFD1E /* Release */ = {
			isa = XCBuildConfiguration;
			baseConfigurationReference = 65E3017F44D18DC9EF3BF124 /* Pods-ChatterTests.release.xcconfig */;
			buildSettings = {
				BUNDLE_LOADER = "$(TEST_HOST)";
				CODE_SIGN_STYLE = Automatic;
				DEVELOPMENT_TEAM = Q33M3QAJ9U;
				INFOPLIST_FILE = ChatterTests/Info.plist;
				IPHONEOS_DEPLOYMENT_TARGET = 12.2;
				LD_RUNPATH_SEARCH_PATHS = (
					"$(inherited)",
					"@executable_path/Frameworks",
					"@loader_path/Frameworks",
				);
				PRODUCT_BUNDLE_IDENTIFIER = com.sebastianwojciechowski.ChatterTests;
				PRODUCT_NAME = "$(TARGET_NAME)";
				SWIFT_VERSION = 5.0;
				TARGETED_DEVICE_FAMILY = "1,2";
				TEST_HOST = "$(BUILT_PRODUCTS_DIR)/Chatter.app/Chatter";
			};
			name = Release;
		};
/* End XCBuildConfiguration section */

/* Begin XCConfigurationList section */
		EA05BFA62216CE7B000C8D0D /* Build configuration list for PBXProject "Chatter" */ = {
			isa = XCConfigurationList;
			buildConfigurations = (
				EA05BFBB2216CE7D000C8D0D /* Debug */,
				EA05BFBC2216CE7D000C8D0D /* Release */,
			);
			defaultConfigurationIsVisible = 0;
			defaultConfigurationName = Release;
		};
		EA05BFBD2216CE7D000C8D0D /* Build configuration list for PBXNativeTarget "Chatter" */ = {
			isa = XCConfigurationList;
			buildConfigurations = (
				EA05BFBE2216CE7D000C8D0D /* Debug */,
				EA05BFBF2216CE7D000C8D0D /* Release */,
			);
			defaultConfigurationIsVisible = 0;
			defaultConfigurationName = Release;
		};
		EA2B5220224F674C009CFD1E /* Build configuration list for PBXNativeTarget "ChatterTests" */ = {
			isa = XCConfigurationList;
			buildConfigurations = (
				EA2B521E224F674C009CFD1E /* Debug */,
				EA2B521F224F674C009CFD1E /* Release */,
			);
			defaultConfigurationIsVisible = 0;
			defaultConfigurationName = Release;
		};
/* End XCConfigurationList section */
	};
	rootObject = EA05BFA32216CE7B000C8D0D /* Project object */;
}
