// !$*UTF8*$!
{
	archiveVersion = 1;
	classes = {
	};
	objectVersion = 50;
	objects = {

/* Begin PBXBuildFile section */
		1600EC3D8EFE5B39FB2FB7AD /* Pods_Chatter.framework in Frameworks */ = {isa = PBXBuildFile; fileRef = 0994EDED5508A9A60F60DAA1 /* Pods_Chatter.framework */; };
		EA05BFAF2216CE7B000C8D0D /* AppDelegate.swift in Sources */ = {isa = PBXBuildFile; fileRef = EA05BFAE2216CE7B000C8D0D /* AppDelegate.swift */; };
		EA05BFB42216CE7B000C8D0D /* Main.storyboard in Resources */ = {isa = PBXBuildFile; fileRef = EA05BFB22216CE7B000C8D0D /* Main.storyboard */; };
		EA05BFB62216CE7D000C8D0D /* Assets.xcassets in Resources */ = {isa = PBXBuildFile; fileRef = EA05BFB52216CE7D000C8D0D /* Assets.xcassets */; };
		EA05BFB92216CE7D000C8D0D /* LaunchScreen.storyboard in Resources */ = {isa = PBXBuildFile; fileRef = EA05BFB72216CE7D000C8D0D /* LaunchScreen.storyboard */; };
		EA08D9D6221730E70062EA3D /* AuthenticationService.swift in Sources */ = {isa = PBXBuildFile; fileRef = EA08D9D5221730E70062EA3D /* AuthenticationService.swift */; };
		EA08D9D82217558E0062EA3D /* RoundedButton.swift in Sources */ = {isa = PBXBuildFile; fileRef = EA08D9D72217558E0062EA3D /* RoundedButton.swift */; };
		EA2EA9AA2216D14100DD609B /* SWRevealViewController.m in Sources */ = {isa = PBXBuildFile; fileRef = EA2EA9A82216D14100DD609B /* SWRevealViewController.m */; };
		EA2EA9AF2216D33900DD609B /* ChatViewController.swift in Sources */ = {isa = PBXBuildFile; fileRef = EA2EA9AE2216D33900DD609B /* ChatViewController.swift */; };
		EA2EA9B12216D34700DD609B /* ChannelViewController.swift in Sources */ = {isa = PBXBuildFile; fileRef = EA2EA9B02216D34700DD609B /* ChannelViewController.swift */; };
		EA2EA9B32216D65800DD609B /* GradientView.swift in Sources */ = {isa = PBXBuildFile; fileRef = EA2EA9B22216D65800DD609B /* GradientView.swift */; };
		EA2EA9B62216E02200DD609B /* Constants.swift in Sources */ = {isa = PBXBuildFile; fileRef = EA2EA9B52216E02200DD609B /* Constants.swift */; };
		EA2EA9B82216E43C00DD609B /* LoginViewController.swift in Sources */ = {isa = PBXBuildFile; fileRef = EA2EA9B72216E43C00DD609B /* LoginViewController.swift */; };
		EA2EA9BC2216EF2A00DD609B /* CreateAccountViewController.swift in Sources */ = {isa = PBXBuildFile; fileRef = EA2EA9BB2216EF2A00DD609B /* CreateAccountViewController.swift */; };
		EABA634D221AC71C00111D66 /* UserDataService.swift in Sources */ = {isa = PBXBuildFile; fileRef = EABA634C221AC71C00111D66 /* UserDataService.swift */; };
		EABA634F221AD34900111D66 /* AvatarPickerViewController.swift in Sources */ = {isa = PBXBuildFile; fileRef = EABA634E221AD34900111D66 /* AvatarPickerViewController.swift */; };
		EABA6351221AD4AD00111D66 /* AvatarCell.swift in Sources */ = {isa = PBXBuildFile; fileRef = EABA6350221AD4AD00111D66 /* AvatarCell.swift */; };
		EABA6353221AEBB000111D66 /* CircleImage.swift in Sources */ = {isa = PBXBuildFile; fileRef = EABA6352221AEBB000111D66 /* CircleImage.swift */; };
/* End PBXBuildFile section */

/* Begin PBXFileReference section */
		0994EDED5508A9A60F60DAA1 /* Pods_Chatter.framework */ = {isa = PBXFileReference; explicitFileType = wrapper.framework; includeInIndex = 0; path = Pods_Chatter.framework; sourceTree = BUILT_PRODUCTS_DIR; };
		EA05BFAB2216CE7B000C8D0D /* Chatter.app */ = {isa = PBXFileReference; explicitFileType = wrapper.application; includeInIndex = 0; path = Chatter.app; sourceTree = BUILT_PRODUCTS_DIR; };
		EA05BFAE2216CE7B000C8D0D /* AppDelegate.swift */ = {isa = PBXFileReference; lastKnownFileType = sourcecode.swift; path = AppDelegate.swift; sourceTree = "<group>"; };
		EA05BFB32216CE7B000C8D0D /* Base */ = {isa = PBXFileReference; lastKnownFileType = file.storyboard; name = Base; path = Base.lproj/Main.storyboard; sourceTree = "<group>"; };
		EA05BFB52216CE7D000C8D0D /* Assets.xcassets */ = {isa = PBXFileReference; lastKnownFileType = folder.assetcatalog; path = Assets.xcassets; sourceTree = "<group>"; };
		EA05BFB82216CE7D000C8D0D /* Base */ = {isa = PBXFileReference; lastKnownFileType = file.storyboard; name = Base; path = Base.lproj/LaunchScreen.storyboard; sourceTree = "<group>"; };
		EA05BFBA2216CE7D000C8D0D /* Info.plist */ = {isa = PBXFileReference; lastKnownFileType = text.plist.xml; path = Info.plist; sourceTree = "<group>"; };
		EA08D9D5221730E70062EA3D /* AuthenticationService.swift */ = {isa = PBXFileReference; lastKnownFileType = sourcecode.swift; path = AuthenticationService.swift; sourceTree = "<group>"; };
		EA08D9D72217558E0062EA3D /* RoundedButton.swift */ = {isa = PBXFileReference; lastKnownFileType = sourcecode.swift; path = RoundedButton.swift; sourceTree = "<group>"; };
		EA2EA9A72216D14000DD609B /* Chatter-Bridging-Header.h */ = {isa = PBXFileReference; lastKnownFileType = sourcecode.c.h; path = "Chatter-Bridging-Header.h"; sourceTree = "<group>"; };
		EA2EA9A82216D14100DD609B /* SWRevealViewController.m */ = {isa = PBXFileReference; fileEncoding = 4; lastKnownFileType = sourcecode.c.objc; path = SWRevealViewController.m; sourceTree = "<group>"; };
		EA2EA9A92216D14100DD609B /* SWRevealViewController.h */ = {isa = PBXFileReference; fileEncoding = 4; lastKnownFileType = sourcecode.c.h; path = SWRevealViewController.h; sourceTree = "<group>"; };
		EA2EA9AE2216D33900DD609B /* ChatViewController.swift */ = {isa = PBXFileReference; lastKnownFileType = sourcecode.swift; path = ChatViewController.swift; sourceTree = "<group>"; };
		EA2EA9B02216D34700DD609B /* ChannelViewController.swift */ = {isa = PBXFileReference; lastKnownFileType = sourcecode.swift; path = ChannelViewController.swift; sourceTree = "<group>"; };
		EA2EA9B22216D65800DD609B /* GradientView.swift */ = {isa = PBXFileReference; lastKnownFileType = sourcecode.swift; path = GradientView.swift; sourceTree = "<group>"; };
		EA2EA9B52216E02200DD609B /* Constants.swift */ = {isa = PBXFileReference; lastKnownFileType = sourcecode.swift; path = Constants.swift; sourceTree = "<group>"; };
		EA2EA9B72216E43C00DD609B /* LoginViewController.swift */ = {isa = PBXFileReference; lastKnownFileType = sourcecode.swift; path = LoginViewController.swift; sourceTree = "<group>"; };
		EA2EA9BB2216EF2A00DD609B /* CreateAccountViewController.swift */ = {isa = PBXFileReference; lastKnownFileType = sourcecode.swift; path = CreateAccountViewController.swift; sourceTree = "<group>"; };
		EABA634C221AC71C00111D66 /* UserDataService.swift */ = {isa = PBXFileReference; lastKnownFileType = sourcecode.swift; path = UserDataService.swift; sourceTree = "<group>"; };
		EABA634E221AD34900111D66 /* AvatarPickerViewController.swift */ = {isa = PBXFileReference; lastKnownFileType = sourcecode.swift; path = AvatarPickerViewController.swift; sourceTree = "<group>"; };
		EABA6350221AD4AD00111D66 /* AvatarCell.swift */ = {isa = PBXFileReference; lastKnownFileType = sourcecode.swift; path = AvatarCell.swift; sourceTree = "<group>"; };
		EABA6352221AEBB000111D66 /* CircleImage.swift */ = {isa = PBXFileReference; lastKnownFileType = sourcecode.swift; path = CircleImage.swift; sourceTree = "<group>"; };
		EEEA2A50D4E6628A592D269D /* Pods-Chatter.release.xcconfig */ = {isa = PBXFileReference; includeInIndex = 1; lastKnownFileType = text.xcconfig; name = "Pods-Chatter.release.xcconfig"; path = "Pods/Target Support Files/Pods-Chatter/Pods-Chatter.release.xcconfig"; sourceTree = "<group>"; };
		F163FED5973F8C653553AD75 /* Pods-Chatter.debug.xcconfig */ = {isa = PBXFileReference; includeInIndex = 1; lastKnownFileType = text.xcconfig; name = "Pods-Chatter.debug.xcconfig"; path = "Pods/Target Support Files/Pods-Chatter/Pods-Chatter.debug.xcconfig"; sourceTree = "<group>"; };
/* End PBXFileReference section */

/* Begin PBXFrameworksBuildPhase section */
		EA05BFA82216CE7B000C8D0D /* Frameworks */ = {
			isa = PBXFrameworksBuildPhase;
			buildActionMask = 2147483647;
			files = (
				1600EC3D8EFE5B39FB2FB7AD /* Pods_Chatter.framework in Frameworks */,
			);
			runOnlyForDeploymentPostprocessing = 0;
		};
/* End PBXFrameworksBuildPhase section */

/* Begin PBXGroup section */
		6B4E3C9735AA9552677EB58C /* Pods */ = {
			isa = PBXGroup;
			children = (
				F163FED5973F8C653553AD75 /* Pods-Chatter.debug.xcconfig */,
				EEEA2A50D4E6628A592D269D /* Pods-Chatter.release.xcconfig */,
			);
			name = Pods;
			sourceTree = "<group>";
		};
		B926DD98146EFAA98A9F38B9 /* Frameworks */ = {
			isa = PBXGroup;
			children = (
				0994EDED5508A9A60F60DAA1 /* Pods_Chatter.framework */,
			);
			name = Frameworks;
			sourceTree = "<group>";
		};
		EA05BFA22216CE7B000C8D0D = {
			isa = PBXGroup;
			children = (
				EA05BFAD2216CE7B000C8D0D /* Chatter */,
				EA05BFAC2216CE7B000C8D0D /* Products */,
				6B4E3C9735AA9552677EB58C /* Pods */,
				B926DD98146EFAA98A9F38B9 /* Frameworks */,
			);
			sourceTree = "<group>";
		};
		EA05BFAC2216CE7B000C8D0D /* Products */ = {
			isa = PBXGroup;
			children = (
				EA05BFAB2216CE7B000C8D0D /* Chatter.app */,
			);
			name = Products;
			sourceTree = "<group>";
		};
		EA05BFAD2216CE7B000C8D0D /* Chatter */ = {
			isa = PBXGroup;
			children = (
				EA08D9D4221730CB0062EA3D /* Services */,
				EA2EA9B42216E01200DD609B /* Utilities */,
				EA2EA9AD2216D31B00DD609B /* Model */,
				EA2EA9AC2216D31500DD609B /* View */,
				EA2EA9AB2216D30F00DD609B /* Controller */,
				EA2EA9A62216D12300DD609B /* Supporting Files */,
				EA05BFAE2216CE7B000C8D0D /* AppDelegate.swift */,
				EA05BFB22216CE7B000C8D0D /* Main.storyboard */,
				EA05BFB52216CE7D000C8D0D /* Assets.xcassets */,
				EA05BFB72216CE7D000C8D0D /* LaunchScreen.storyboard */,
				EA05BFBA2216CE7D000C8D0D /* Info.plist */,
			);
			path = Chatter;
			sourceTree = "<group>";
		};
		EA08D9D4221730CB0062EA3D /* Services */ = {
			isa = PBXGroup;
			children = (
				EA08D9D5221730E70062EA3D /* AuthenticationService.swift */,
				EABA634C221AC71C00111D66 /* UserDataService.swift */,
			);
			path = Services;
			sourceTree = "<group>";
		};
		EA2EA9A62216D12300DD609B /* Supporting Files */ = {
			isa = PBXGroup;
			children = (
				EA2EA9A92216D14100DD609B /* SWRevealViewController.h */,
				EA2EA9A82216D14100DD609B /* SWRevealViewController.m */,
				EA2EA9A72216D14000DD609B /* Chatter-Bridging-Header.h */,
			);
			path = "Supporting Files";
			sourceTree = "<group>";
		};
		EA2EA9AB2216D30F00DD609B /* Controller */ = {
			isa = PBXGroup;
			children = (
				EA2EA9AE2216D33900DD609B /* ChatViewController.swift */,
				EA2EA9B02216D34700DD609B /* ChannelViewController.swift */,
				EA2EA9B72216E43C00DD609B /* LoginViewController.swift */,
				EA2EA9BB2216EF2A00DD609B /* CreateAccountViewController.swift */,
				EABA634E221AD34900111D66 /* AvatarPickerViewController.swift */,
			);
			path = Controller;
			sourceTree = "<group>";
		};
		EA2EA9AC2216D31500DD609B /* View */ = {
			isa = PBXGroup;
			children = (
				EA2EA9B22216D65800DD609B /* GradientView.swift */,
				EA08D9D72217558E0062EA3D /* RoundedButton.swift */,
				EABA6350221AD4AD00111D66 /* AvatarCell.swift */,
				EABA6352221AEBB000111D66 /* CircleImage.swift */,
			);
			path = View;
			sourceTree = "<group>";
		};
		EA2EA9AD2216D31B00DD609B /* Model */ = {
			isa = PBXGroup;
			children = (
			);
			path = Model;
			sourceTree = "<group>";
		};
		EA2EA9B42216E01200DD609B /* Utilities */ = {
			isa = PBXGroup;
			children = (
				EA2EA9B52216E02200DD609B /* Constants.swift */,
			);
			path = Utilities;
			sourceTree = "<group>";
		};
/* End PBXGroup section */

/* Begin PBXNativeTarget section */
		EA05BFAA2216CE7B000C8D0D /* Chatter */ = {
			isa = PBXNativeTarget;
			buildConfigurationList = EA05BFBD2216CE7D000C8D0D /* Build configuration list for PBXNativeTarget "Chatter" */;
			buildPhases = (
				4DE2A21E55FAD2AC6D93BA78 /* [CP] Check Pods Manifest.lock */,
				EA05BFA72216CE7B000C8D0D /* Sources */,
				EA05BFA82216CE7B000C8D0D /* Frameworks */,
				EA05BFA92216CE7B000C8D0D /* Resources */,
				F8F445AD526C5F781AF21163 /* [CP] Embed Pods Frameworks */,
			);
			buildRules = (
			);
			dependencies = (
			);
			name = Chatter;
			productName = Chatter;
			productReference = EA05BFAB2216CE7B000C8D0D /* Chatter.app */;
			productType = "com.apple.product-type.application";
		};
/* End PBXNativeTarget section */

/* Begin PBXProject section */
		EA05BFA32216CE7B000C8D0D /* Project object */ = {
			isa = PBXProject;
			attributes = {
				LastSwiftUpdateCheck = 1010;
				LastUpgradeCheck = 1010;
				ORGANIZATIONNAME = "Sebastian Wojciechowski";
				TargetAttributes = {
					EA05BFAA2216CE7B000C8D0D = {
						CreatedOnToolsVersion = 10.1;
						LastSwiftMigration = 1010;
					};
				};
			};
			buildConfigurationList = EA05BFA62216CE7B000C8D0D /* Build configuration list for PBXProject "Chatter" */;
			compatibilityVersion = "Xcode 9.3";
			developmentRegion = en;
			hasScannedForEncodings = 0;
			knownRegions = (
				en,
				Base,
			);
			mainGroup = EA05BFA22216CE7B000C8D0D;
			productRefGroup = EA05BFAC2216CE7B000C8D0D /* Products */;
			projectDirPath = "";
			projectRoot = "";
			targets = (
				EA05BFAA2216CE7B000C8D0D /* Chatter */,
			);
		};
/* End PBXProject section */

/* Begin PBXResourcesBuildPhase section */
		EA05BFA92216CE7B000C8D0D /* Resources */ = {
			isa = PBXResourcesBuildPhase;
			buildActionMask = 2147483647;
			files = (
				EA05BFB92216CE7D000C8D0D /* LaunchScreen.storyboard in Resources */,
				EA05BFB62216CE7D000C8D0D /* Assets.xcassets in Resources */,
				EA05BFB42216CE7B000C8D0D /* Main.storyboard in Resources */,
			);
			runOnlyForDeploymentPostprocessing = 0;
		};
/* End PBXResourcesBuildPhase section */

/* Begin PBXShellScriptBuildPhase section */
		4DE2A21E55FAD2AC6D93BA78 /* [CP] Check Pods Manifest.lock */ = {
			isa = PBXShellScriptBuildPhase;
			buildActionMask = 2147483647;
			files = (
			);
			inputFileListPaths = (
			);
			inputPaths = (
				"${PODS_PODFILE_DIR_PATH}/Podfile.lock",
				"${PODS_ROOT}/Manifest.lock",
			);
			name = "[CP] Check Pods Manifest.lock";
			outputFileListPaths = (
			);
			outputPaths = (
				"$(DERIVED_FILE_DIR)/Pods-Chatter-checkManifestLockResult.txt",
			);
			runOnlyForDeploymentPostprocessing = 0;
			shellPath = /bin/sh;
			shellScript = "diff \"${PODS_PODFILE_DIR_PATH}/Podfile.lock\" \"${PODS_ROOT}/Manifest.lock\" > /dev/null\nif [ $? != 0 ] ; then\n    # print error to STDERR\n    echo \"error: The sandbox is not in sync with the Podfile.lock. Run 'pod install' or update your CocoaPods installation.\" >&2\n    exit 1\nfi\n# This output is used by Xcode 'outputs' to avoid re-running this script phase.\necho \"SUCCESS\" > \"${SCRIPT_OUTPUT_FILE_0}\"\n";
			showEnvVarsInLog = 0;
		};
		F8F445AD526C5F781AF21163 /* [CP] Embed Pods Frameworks */ = {
			isa = PBXShellScriptBuildPhase;
			buildActionMask = 2147483647;
			files = (
			);
			inputFileListPaths = (
			);
			inputPaths = (
				"${SRCROOT}/Pods/Target Support Files/Pods-Chatter/Pods-Chatter-frameworks.sh",
				"${BUILT_PRODUCTS_DIR}/Alamofire/Alamofire.framework",
				"${BUILT_PRODUCTS_DIR}/Socket.IO-Client-Swift/SocketIO.framework",
				"${BUILT_PRODUCTS_DIR}/Starscream/Starscream.framework",
				"${BUILT_PRODUCTS_DIR}/SwiftyJSON/SwiftyJSON.framework",
			);
			name = "[CP] Embed Pods Frameworks";
			outputFileListPaths = (
			);
			outputPaths = (
				"${TARGET_BUILD_DIR}/${FRAMEWORKS_FOLDER_PATH}/Alamofire.framework",
				"${TARGET_BUILD_DIR}/${FRAMEWORKS_FOLDER_PATH}/SocketIO.framework",
				"${TARGET_BUILD_DIR}/${FRAMEWORKS_FOLDER_PATH}/Starscream.framework",
				"${TARGET_BUILD_DIR}/${FRAMEWORKS_FOLDER_PATH}/SwiftyJSON.framework",
			);
			runOnlyForDeploymentPostprocessing = 0;
			shellPath = /bin/sh;
			shellScript = "\"${SRCROOT}/Pods/Target Support Files/Pods-Chatter/Pods-Chatter-frameworks.sh\"\n";
			showEnvVarsInLog = 0;
		};
/* End PBXShellScriptBuildPhase section */

/* Begin PBXSourcesBuildPhase section */
		EA05BFA72216CE7B000C8D0D /* Sources */ = {
			isa = PBXSourcesBuildPhase;
			buildActionMask = 2147483647;
			files = (
				EA2EA9B82216E43C00DD609B /* LoginViewController.swift in Sources */,
				EA08D9D82217558E0062EA3D /* RoundedButton.swift in Sources */,
				EA05BFAF2216CE7B000C8D0D /* AppDelegate.swift in Sources */,
				EABA6353221AEBB000111D66 /* CircleImage.swift in Sources */,
				EABA634D221AC71C00111D66 /* UserDataService.swift in Sources */,
				EA2EA9AF2216D33900DD609B /* ChatViewController.swift in Sources */,
				EA08D9D6221730E70062EA3D /* AuthenticationService.swift in Sources */,
				EABA634F221AD34900111D66 /* AvatarPickerViewController.swift in Sources */,
				EA2EA9B32216D65800DD609B /* GradientView.swift in Sources */,
				EA2EA9BC2216EF2A00DD609B /* CreateAccountViewController.swift in Sources */,
				EABA6351221AD4AD00111D66 /* AvatarCell.swift in Sources */,
				EA2EA9B12216D34700DD609B /* ChannelViewController.swift in Sources */,
				EA2EA9AA2216D14100DD609B /* SWRevealViewController.m in Sources */,
				EA2EA9B62216E02200DD609B /* Constants.swift in Sources */,
			);
			runOnlyForDeploymentPostprocessing = 0;
		};
/* End PBXSourcesBuildPhase section */

/* Begin PBXVariantGroup section */
		EA05BFB22216CE7B000C8D0D /* Main.storyboard */ = {
			isa = PBXVariantGroup;
			children = (
				EA05BFB32216CE7B000C8D0D /* Base */,
			);
			name = Main.storyboard;
			sourceTree = "<group>";
		};
		EA05BFB72216CE7D000C8D0D /* LaunchScreen.storyboard */ = {
			isa = PBXVariantGroup;
			children = (
				EA05BFB82216CE7D000C8D0D /* Base */,
			);
			name = LaunchScreen.storyboard;
			sourceTree = "<group>";
		};
/* End PBXVariantGroup section */

/* Begin XCBuildConfiguration section */
		EA05BFBB2216CE7D000C8D0D /* Debug */ = {
			isa = XCBuildConfiguration;
			buildSettings = {
				ALWAYS_SEARCH_USER_PATHS = NO;
				CLANG_ANALYZER_NONNULL = YES;
				CLANG_ANALYZER_NUMBER_OBJECT_CONVERSION = YES_AGGRESSIVE;
				CLANG_CXX_LANGUAGE_STANDARD = "gnu++14";
				CLANG_CXX_LIBRARY = "libc++";
				CLANG_ENABLE_MODULES = YES;
				CLANG_ENABLE_OBJC_ARC = YES;
				CLANG_ENABLE_OBJC_WEAK = YES;
				CLANG_WARN_BLOCK_CAPTURE_AUTORELEASING = YES;
				CLANG_WARN_BOOL_CONVERSION = YES;
				CLANG_WARN_COMMA = YES;
				CLANG_WARN_CONSTANT_CONVERSION = YES;
				CLANG_WARN_DEPRECATED_OBJC_IMPLEMENTATIONS = YES;
				CLANG_WARN_DIRECT_OBJC_ISA_USAGE = YES_ERROR;
				CLANG_WARN_DOCUMENTATION_COMMENTS = YES;
				CLANG_WARN_EMPTY_BODY = YES;
				CLANG_WARN_ENUM_CONVERSION = YES;
				CLANG_WARN_INFINITE_RECURSION = YES;
				CLANG_WARN_INT_CONVERSION = YES;
				CLANG_WARN_NON_LITERAL_NULL_CONVERSION = YES;
				CLANG_WARN_OBJC_IMPLICIT_RETAIN_SELF = YES;
				CLANG_WARN_OBJC_LITERAL_CONVERSION = YES;
				CLANG_WARN_OBJC_ROOT_CLASS = YES_ERROR;
				CLANG_WARN_RANGE_LOOP_ANALYSIS = YES;
				CLANG_WARN_STRICT_PROTOTYPES = YES;
				CLANG_WARN_SUSPICIOUS_MOVE = YES;
				CLANG_WARN_UNGUARDED_AVAILABILITY = YES_AGGRESSIVE;
				CLANG_WARN_UNREACHABLE_CODE = YES;
				CLANG_WARN__DUPLICATE_METHOD_MATCH = YES;
				CODE_SIGN_IDENTITY = "iPhone Developer";
				COPY_PHASE_STRIP = NO;
				DEBUG_INFORMATION_FORMAT = dwarf;
				ENABLE_STRICT_OBJC_MSGSEND = YES;
				ENABLE_TESTABILITY = YES;
				GCC_C_LANGUAGE_STANDARD = gnu11;
				GCC_DYNAMIC_NO_PIC = NO;
				GCC_NO_COMMON_BLOCKS = YES;
				GCC_OPTIMIZATION_LEVEL = 0;
				GCC_PREPROCESSOR_DEFINITIONS = (
					"DEBUG=1",
					"$(inherited)",
				);
				GCC_WARN_64_TO_32_BIT_CONVERSION = YES;
				GCC_WARN_ABOUT_RETURN_TYPE = YES_ERROR;
				GCC_WARN_UNDECLARED_SELECTOR = YES;
				GCC_WARN_UNINITIALIZED_AUTOS = YES_AGGRESSIVE;
				GCC_WARN_UNUSED_FUNCTION = YES;
				GCC_WARN_UNUSED_VARIABLE = YES;
				IPHONEOS_DEPLOYMENT_TARGET = 12.1;
				MTL_ENABLE_DEBUG_INFO = INCLUDE_SOURCE;
				MTL_FAST_MATH = YES;
				ONLY_ACTIVE_ARCH = YES;
				SDKROOT = iphoneos;
				SWIFT_ACTIVE_COMPILATION_CONDITIONS = DEBUG;
				SWIFT_OPTIMIZATION_LEVEL = "-Onone";
			};
			name = Debug;
		};
		EA05BFBC2216CE7D000C8D0D /* Release */ = {
			isa = XCBuildConfiguration;
			buildSettings = {
				ALWAYS_SEARCH_USER_PATHS = NO;
				CLANG_ANALYZER_NONNULL = YES;
				CLANG_ANALYZER_NUMBER_OBJECT_CONVERSION = YES_AGGRESSIVE;
				CLANG_CXX_LANGUAGE_STANDARD = "gnu++14";
				CLANG_CXX_LIBRARY = "libc++";
				CLANG_ENABLE_MODULES = YES;
				CLANG_ENABLE_OBJC_ARC = YES;
				CLANG_ENABLE_OBJC_WEAK = YES;
				CLANG_WARN_BLOCK_CAPTURE_AUTORELEASING = YES;
				CLANG_WARN_BOOL_CONVERSION = YES;
				CLANG_WARN_COMMA = YES;
				CLANG_WARN_CONSTANT_CONVERSION = YES;
				CLANG_WARN_DEPRECATED_OBJC_IMPLEMENTATIONS = YES;
				CLANG_WARN_DIRECT_OBJC_ISA_USAGE = YES_ERROR;
				CLANG_WARN_DOCUMENTATION_COMMENTS = YES;
				CLANG_WARN_EMPTY_BODY = YES;
				CLANG_WARN_ENUM_CONVERSION = YES;
				CLANG_WARN_INFINITE_RECURSION = YES;
				CLANG_WARN_INT_CONVERSION = YES;
				CLANG_WARN_NON_LITERAL_NULL_CONVERSION = YES;
				CLANG_WARN_OBJC_IMPLICIT_RETAIN_SELF = YES;
				CLANG_WARN_OBJC_LITERAL_CONVERSION = YES;
				CLANG_WARN_OBJC_ROOT_CLASS = YES_ERROR;
				CLANG_WARN_RANGE_LOOP_ANALYSIS = YES;
				CLANG_WARN_STRICT_PROTOTYPES = YES;
				CLANG_WARN_SUSPICIOUS_MOVE = YES;
				CLANG_WARN_UNGUARDED_AVAILABILITY = YES_AGGRESSIVE;
				CLANG_WARN_UNREACHABLE_CODE = YES;
				CLANG_WARN__DUPLICATE_METHOD_MATCH = YES;
				CODE_SIGN_IDENTITY = "iPhone Developer";
				COPY_PHASE_STRIP = NO;
				DEBUG_INFORMATION_FORMAT = "dwarf-with-dsym";
				ENABLE_NS_ASSERTIONS = NO;
				ENABLE_STRICT_OBJC_MSGSEND = YES;
				GCC_C_LANGUAGE_STANDARD = gnu11;
				GCC_NO_COMMON_BLOCKS = YES;
				GCC_WARN_64_TO_32_BIT_CONVERSION = YES;
				GCC_WARN_ABOUT_RETURN_TYPE = YES_ERROR;
				GCC_WARN_UNDECLARED_SELECTOR = YES;
				GCC_WARN_UNINITIALIZED_AUTOS = YES_AGGRESSIVE;
				GCC_WARN_UNUSED_FUNCTION = YES;
				GCC_WARN_UNUSED_VARIABLE = YES;
				IPHONEOS_DEPLOYMENT_TARGET = 12.1;
				MTL_ENABLE_DEBUG_INFO = NO;
				MTL_FAST_MATH = YES;
				SDKROOT = iphoneos;
				SWIFT_COMPILATION_MODE = wholemodule;
				SWIFT_OPTIMIZATION_LEVEL = "-O";
				VALIDATE_PRODUCT = YES;
			};
			name = Release;
		};
		EA05BFBE2216CE7D000C8D0D /* Debug */ = {
			isa = XCBuildConfiguration;
			baseConfigurationReference = F163FED5973F8C653553AD75 /* Pods-Chatter.debug.xcconfig */;
			buildSettings = {
				ASSETCATALOG_COMPILER_APPICON_NAME = AppIcon;
				CLANG_ENABLE_MODULES = YES;
				CODE_SIGN_STYLE = Automatic;
				DEVELOPMENT_TEAM = Q33M3QAJ9U;
				INFOPLIST_FILE = Chatter/Info.plist;
				LD_RUNPATH_SEARCH_PATHS = (
					"$(inherited)",
					"@executable_path/Frameworks",
				);
				PRODUCT_BUNDLE_IDENTIFIER = com.sebastianwojciechowski.Chatter;
				PRODUCT_NAME = "$(TARGET_NAME)";
				SWIFT_OBJC_BRIDGING_HEADER = "Chatter/Supporting Files/Chatter-Bridging-Header.h";
				SWIFT_OPTIMIZATION_LEVEL = "-Onone";
				SWIFT_VERSION = 4.2;
				TARGETED_DEVICE_FAMILY = 1;
			};
			name = Debug;
		};
		EA05BFBF2216CE7D000C8D0D /* Release */ = {
			isa = XCBuildConfiguration;
			baseConfigurationReference = EEEA2A50D4E6628A592D269D /* Pods-Chatter.release.xcconfig */;
			buildSettings = {
				ASSETCATALOG_COMPILER_APPICON_NAME = AppIcon;
				CLANG_ENABLE_MODULES = YES;
				CODE_SIGN_STYLE = Automatic;
				DEVELOPMENT_TEAM = Q33M3QAJ9U;
				INFOPLIST_FILE = Chatter/Info.plist;
				LD_RUNPATH_SEARCH_PATHS = (
					"$(inherited)",
					"@executable_path/Frameworks",
				);
				PRODUCT_BUNDLE_IDENTIFIER = com.sebastianwojciechowski.Chatter;
				PRODUCT_NAME = "$(TARGET_NAME)";
				SWIFT_OBJC_BRIDGING_HEADER = "Chatter/Supporting Files/Chatter-Bridging-Header.h";
				SWIFT_VERSION = 4.2;
				TARGETED_DEVICE_FAMILY = 1;
			};
			name = Release;
		};
/* End XCBuildConfiguration section */

/* Begin XCConfigurationList section */
		EA05BFA62216CE7B000C8D0D /* Build configuration list for PBXProject "Chatter" */ = {
			isa = XCConfigurationList;
			buildConfigurations = (
				EA05BFBB2216CE7D000C8D0D /* Debug */,
				EA05BFBC2216CE7D000C8D0D /* Release */,
			);
			defaultConfigurationIsVisible = 0;
			defaultConfigurationName = Release;
		};
		EA05BFBD2216CE7D000C8D0D /* Build configuration list for PBXNativeTarget "Chatter" */ = {
			isa = XCConfigurationList;
			buildConfigurations = (
				EA05BFBE2216CE7D000C8D0D /* Debug */,
				EA05BFBF2216CE7D000C8D0D /* Release */,
			);
			defaultConfigurationIsVisible = 0;
			defaultConfigurationName = Release;
		};
/* End XCConfigurationList section */
	};
	rootObject = EA05BFA32216CE7B000C8D0D /* Project object */;
}
